
Microsoft Visual Studio Solution File, Format Version 12.00
# Visual Studio Version 17
VisualStudioVersion = 17.5.33530.505
MinimumVisualStudioVersion = 10.0.40219.1
Project("{13B669BE-BB05-4DDF-9536-439F39A36129}") = "Webshop-Platformer", "Webshop-Platformer.phpproj", "{CAFC1B50-25E1-48B8-94CE-BAF95F18493A}"
EndProject
Global
	GlobalSection(SolutionConfigurationPlatforms) = preSolution
		Debug|Any CPU = Debug|Any CPU
		Release|Any CPU = Release|Any CPU
	EndGlobalSection
	GlobalSection(ProjectConfigurationPlatforms) = postSolution
		{CAFC1B50-25E1-48B8-94CE-BAF95F18493A}.Debug|Any CPU.ActiveCfg = Debug|Any CPU
		{CAFC1B50-25E1-48B8-94CE-BAF95F18493A}.Debug|Any CPU.Build.0 = Debug|Any CPU
		{CAFC1B50-25E1-48B8-94CE-BAF95F18493A}.Release|Any CPU.ActiveCfg = Release|Any CPU
		{CAFC1B50-25E1-48B8-94CE-BAF95F18493A}.Release|Any CPU.Build.0 = Release|Any CPU
	EndGlobalSection
	GlobalSection(SolutionProperties) = preSolution
		HideSolutionNode = FALSE
	EndGlobalSection
	GlobalSection(ExtensibilityGlobals) = postSolution
		SolutionGuid = {25E749AA-8A54-4C65-AEEA-7D79801B7384}
	EndGlobalSection
EndGlobal
